// !$*UTF8*$!
{
	archiveVersion = 1;
	classes = {
	};
	objectVersion = 55;
	objects = {

/* Begin PBXBuildFile section */
		0034431B282E06590087795B /* HomeEventsViewCell.swift in Sources */ = {isa = PBXBuildFile; fileRef = 0034431A282E06590087795B /* HomeEventsViewCell.swift */; };
		0034431D282E0B890087795B /* HomeYourRecommandViewController.swift in Sources */ = {isa = PBXBuildFile; fileRef = 0034431C282E0B890087795B /* HomeYourRecommandViewController.swift */; };
		0034431F282E0F530087795B /* Amodel.swift in Sources */ = {isa = PBXBuildFile; fileRef = 0034431E282E0F530087795B /* Amodel.swift */; };
		00344323282E6EFA0087795B /* Events.swift in Sources */ = {isa = PBXBuildFile; fileRef = 00344322282E6EFA0087795B /* Events.swift */; };
		00344325282E6F7B0087795B /* HomeEventsViewController.swift in Sources */ = {isa = PBXBuildFile; fileRef = 00344324282E6F7B0087795B /* HomeEventsViewController.swift */; };
		00344327282EA29A0087795B /* HomeThisTimeRecommandViewController.swift in Sources */ = {isa = PBXBuildFile; fileRef = 00344326282EA29A0087795B /* HomeThisTimeRecommandViewController.swift */; };
		00344329282EA2ED0087795B /* HomeThisTimeRecommandHeader.swift in Sources */ = {isa = PBXBuildFile; fileRef = 00344328282EA2ED0087795B /* HomeThisTimeRecommandHeader.swift */; };
		0034432B282EA3000087795B /* HomeThisTimeRecommandViewCell.swift in Sources */ = {isa = PBXBuildFile; fileRef = 0034432A282EA3000087795B /* HomeThisTimeRecommandViewCell.swift */; };
		006D2BD02831ECD20077CF88 /* HTTPManager.swift in Sources */ = {isa = PBXBuildFile; fileRef = 006D2BCF2831ECD20077CF88 /* HTTPManager.swift */; };
		006D2BD22831ECEC0077CF88 /* HTTPMethod.swift in Sources */ = {isa = PBXBuildFile; fileRef = 006D2BD12831ECEC0077CF88 /* HTTPMethod.swift */; };
		006D2BD42831F0690077CF88 /* JSONConverter.swift in Sources */ = {isa = PBXBuildFile; fileRef = 006D2BD32831F0690077CF88 /* JSONConverter.swift */; };
		006D2BD72831F3540077CF88 /* NetworkManager.swift in Sources */ = {isa = PBXBuildFile; fileRef = 006D2BD62831F3540077CF88 /* NetworkManager.swift */; };
		006D2BD92831F8D90077CF88 /* HomeData.swift in Sources */ = {isa = PBXBuildFile; fileRef = 006D2BD82831F8D90077CF88 /* HomeData.swift */; };
		006D2BDD283243470077CF88 /* ImageCacheManager.swift in Sources */ = {isa = PBXBuildFile; fileRef = 006D2BDC283243470077CF88 /* ImageCacheManager.swift */; };
		008CA9DD282B875100F2E826 /* UIColorExtension.swift in Sources */ = {isa = PBXBuildFile; fileRef = 008CA9DC282B875100F2E826 /* UIColorExtension.swift */; };
		008CA9DF282B8A5C00F2E826 /* UIFontExtension.swift in Sources */ = {isa = PBXBuildFile; fileRef = 008CA9DE282B8A5C00F2E826 /* UIFontExtension.swift */; };
		008CA9E4282B8E3700F2E826 /* Santana-Black.ttf in Resources */ = {isa = PBXBuildFile; fileRef = 008CA9E3282B8DAE00F2E826 /* Santana-Black.ttf */; };
		008CA9F2282CB47600F2E826 /* HorizontalCollectionView.swift in Sources */ = {isa = PBXBuildFile; fileRef = 008CA9F1282CB47600F2E826 /* HorizontalCollectionView.swift */; };
		008CA9F7282CF7CD00F2E826 /* HomeYourRecommandHeader.swift in Sources */ = {isa = PBXBuildFile; fileRef = 008CA9F6282CF7CD00F2E826 /* HomeYourRecommandHeader.swift */; };
		0093A490283338AB0064E071 /* ImageItem.swift in Sources */ = {isa = PBXBuildFile; fileRef = 0093A48F283338AB0064E071 /* ImageItem.swift */; };
		0095729F282A05D20018DC61 /* HomeYourRecommandViewCell.swift in Sources */ = {isa = PBXBuildFile; fileRef = 0095729E282A05D20018DC61 /* HomeYourRecommandViewCell.swift */; };
		009572A5282A08200018DC61 /* HomeHeaderButton.swift in Sources */ = {isa = PBXBuildFile; fileRef = 009572A4282A08200018DC61 /* HomeHeaderButton.swift */; };
		00B99ED328290A0500A4B2B6 /* AppDelegate.swift in Sources */ = {isa = PBXBuildFile; fileRef = 00B99ED228290A0500A4B2B6 /* AppDelegate.swift */; };
		00B99ED528290A0500A4B2B6 /* SceneDelegate.swift in Sources */ = {isa = PBXBuildFile; fileRef = 00B99ED428290A0500A4B2B6 /* SceneDelegate.swift */; };
		00B99ED728290A0500A4B2B6 /* MainTabBarViewController.swift in Sources */ = {isa = PBXBuildFile; fileRef = 00B99ED628290A0500A4B2B6 /* MainTabBarViewController.swift */; };
		00B99EDA28290A0500A4B2B6 /* Main.storyboard in Resources */ = {isa = PBXBuildFile; fileRef = 00B99ED828290A0500A4B2B6 /* Main.storyboard */; };
		00B99EDC28290A0700A4B2B6 /* Assets.xcassets in Resources */ = {isa = PBXBuildFile; fileRef = 00B99EDB28290A0700A4B2B6 /* Assets.xcassets */; };
		00B99EDF28290A0700A4B2B6 /* LaunchScreen.storyboard in Resources */ = {isa = PBXBuildFile; fileRef = 00B99EDD28290A0700A4B2B6 /* LaunchScreen.storyboard */; };
		00B99EE72829562D00A4B2B6 /* HomeViewController.swift in Sources */ = {isa = PBXBuildFile; fileRef = 00B99EE62829562D00A4B2B6 /* HomeViewController.swift */; };
		00B99EE92829563700A4B2B6 /* OrderViewController.swift in Sources */ = {isa = PBXBuildFile; fileRef = 00B99EE82829563700A4B2B6 /* OrderViewController.swift */; };
		00B99EEB2829563E00A4B2B6 /* FavoriteViewController.swift in Sources */ = {isa = PBXBuildFile; fileRef = 00B99EEA2829563E00A4B2B6 /* FavoriteViewController.swift */; };
/* End PBXBuildFile section */

/* Begin PBXFileReference section */
		0034431A282E06590087795B /* HomeEventsViewCell.swift */ = {isa = PBXFileReference; lastKnownFileType = sourcecode.swift; path = HomeEventsViewCell.swift; sourceTree = "<group>"; };
		0034431C282E0B890087795B /* HomeYourRecommandViewController.swift */ = {isa = PBXFileReference; lastKnownFileType = sourcecode.swift; path = HomeYourRecommandViewController.swift; sourceTree = "<group>"; };
		0034431E282E0F530087795B /* Amodel.swift */ = {isa = PBXFileReference; lastKnownFileType = sourcecode.swift; path = Amodel.swift; sourceTree = "<group>"; };
		00344322282E6EFA0087795B /* Events.swift */ = {isa = PBXFileReference; lastKnownFileType = sourcecode.swift; path = Events.swift; sourceTree = "<group>"; };
		00344324282E6F7B0087795B /* HomeEventsViewController.swift */ = {isa = PBXFileReference; lastKnownFileType = sourcecode.swift; path = HomeEventsViewController.swift; sourceTree = "<group>"; };
		00344326282EA29A0087795B /* HomeThisTimeRecommandViewController.swift */ = {isa = PBXFileReference; lastKnownFileType = sourcecode.swift; path = HomeThisTimeRecommandViewController.swift; sourceTree = "<group>"; };
		00344328282EA2ED0087795B /* HomeThisTimeRecommandHeader.swift */ = {isa = PBXFileReference; lastKnownFileType = sourcecode.swift; path = HomeThisTimeRecommandHeader.swift; sourceTree = "<group>"; };
		0034432A282EA3000087795B /* HomeThisTimeRecommandViewCell.swift */ = {isa = PBXFileReference; lastKnownFileType = sourcecode.swift; path = HomeThisTimeRecommandViewCell.swift; sourceTree = "<group>"; };
		006D2BCF2831ECD20077CF88 /* HTTPManager.swift */ = {isa = PBXFileReference; lastKnownFileType = sourcecode.swift; path = HTTPManager.swift; sourceTree = "<group>"; };
		006D2BD12831ECEC0077CF88 /* HTTPMethod.swift */ = {isa = PBXFileReference; lastKnownFileType = sourcecode.swift; path = HTTPMethod.swift; sourceTree = "<group>"; };
		006D2BD32831F0690077CF88 /* JSONConverter.swift */ = {isa = PBXFileReference; lastKnownFileType = sourcecode.swift; path = JSONConverter.swift; sourceTree = "<group>"; };
		006D2BD62831F3540077CF88 /* NetworkManager.swift */ = {isa = PBXFileReference; lastKnownFileType = sourcecode.swift; path = NetworkManager.swift; sourceTree = "<group>"; };
		006D2BD82831F8D90077CF88 /* HomeData.swift */ = {isa = PBXFileReference; lastKnownFileType = sourcecode.swift; path = HomeData.swift; sourceTree = "<group>"; };
		006D2BDC283243470077CF88 /* ImageCacheManager.swift */ = {isa = PBXFileReference; lastKnownFileType = sourcecode.swift; path = ImageCacheManager.swift; sourceTree = "<group>"; };
		008CA9DC282B875100F2E826 /* UIColorExtension.swift */ = {isa = PBXFileReference; lastKnownFileType = sourcecode.swift; path = UIColorExtension.swift; sourceTree = "<group>"; };
		008CA9DE282B8A5C00F2E826 /* UIFontExtension.swift */ = {isa = PBXFileReference; lastKnownFileType = sourcecode.swift; path = UIFontExtension.swift; sourceTree = "<group>"; };
		008CA9E3282B8DAE00F2E826 /* Santana-Black.ttf */ = {isa = PBXFileReference; lastKnownFileType = file; path = "Santana-Black.ttf"; sourceTree = "<group>"; };
		008CA9F1282CB47600F2E826 /* HorizontalCollectionView.swift */ = {isa = PBXFileReference; lastKnownFileType = sourcecode.swift; path = HorizontalCollectionView.swift; sourceTree = "<group>"; };
		008CA9F6282CF7CD00F2E826 /* HomeYourRecommandHeader.swift */ = {isa = PBXFileReference; lastKnownFileType = sourcecode.swift; path = HomeYourRecommandHeader.swift; sourceTree = "<group>"; };
		0093A48F283338AB0064E071 /* ImageItem.swift */ = {isa = PBXFileReference; lastKnownFileType = sourcecode.swift; path = ImageItem.swift; sourceTree = "<group>"; };
		0095729E282A05D20018DC61 /* HomeYourRecommandViewCell.swift */ = {isa = PBXFileReference; lastKnownFileType = sourcecode.swift; path = HomeYourRecommandViewCell.swift; sourceTree = "<group>"; };
		009572A4282A08200018DC61 /* HomeHeaderButton.swift */ = {isa = PBXFileReference; lastKnownFileType = sourcecode.swift; path = HomeHeaderButton.swift; sourceTree = "<group>"; };
		00B99ECF28290A0500A4B2B6 /* starbuckst.app */ = {isa = PBXFileReference; explicitFileType = wrapper.application; includeInIndex = 0; path = starbuckst.app; sourceTree = BUILT_PRODUCTS_DIR; };
		00B99ED228290A0500A4B2B6 /* AppDelegate.swift */ = {isa = PBXFileReference; lastKnownFileType = sourcecode.swift; path = AppDelegate.swift; sourceTree = "<group>"; };
		00B99ED428290A0500A4B2B6 /* SceneDelegate.swift */ = {isa = PBXFileReference; lastKnownFileType = sourcecode.swift; path = SceneDelegate.swift; sourceTree = "<group>"; };
		00B99ED628290A0500A4B2B6 /* MainTabBarViewController.swift */ = {isa = PBXFileReference; lastKnownFileType = sourcecode.swift; path = MainTabBarViewController.swift; sourceTree = "<group>"; };
		00B99ED928290A0500A4B2B6 /* Base */ = {isa = PBXFileReference; lastKnownFileType = file.storyboard; name = Base; path = Base.lproj/Main.storyboard; sourceTree = "<group>"; };
		00B99EDB28290A0700A4B2B6 /* Assets.xcassets */ = {isa = PBXFileReference; lastKnownFileType = folder.assetcatalog; path = Assets.xcassets; sourceTree = "<group>"; };
		00B99EDE28290A0700A4B2B6 /* Base */ = {isa = PBXFileReference; lastKnownFileType = file.storyboard; name = Base; path = Base.lproj/LaunchScreen.storyboard; sourceTree = "<group>"; };
		00B99EE028290A0700A4B2B6 /* Info.plist */ = {isa = PBXFileReference; lastKnownFileType = text.plist.xml; path = Info.plist; sourceTree = "<group>"; };
		00B99EE62829562D00A4B2B6 /* HomeViewController.swift */ = {isa = PBXFileReference; lastKnownFileType = sourcecode.swift; path = HomeViewController.swift; sourceTree = "<group>"; };
		00B99EE82829563700A4B2B6 /* OrderViewController.swift */ = {isa = PBXFileReference; lastKnownFileType = sourcecode.swift; path = OrderViewController.swift; sourceTree = "<group>"; };
		00B99EEA2829563E00A4B2B6 /* FavoriteViewController.swift */ = {isa = PBXFileReference; lastKnownFileType = sourcecode.swift; path = FavoriteViewController.swift; sourceTree = "<group>"; };
/* End PBXFileReference section */

/* Begin PBXFrameworksBuildPhase section */
		00B99ECC28290A0500A4B2B6 /* Frameworks */ = {
			isa = PBXFrameworksBuildPhase;
			buildActionMask = 2147483647;
			files = (
			);
			runOnlyForDeploymentPostprocessing = 0;
		};
/* End PBXFrameworksBuildPhase section */

/* Begin PBXGroup section */
		00344320282E69170087795B /* home */ = {
			isa = PBXGroup;
			children = (
				009572A4282A08200018DC61 /* HomeHeaderButton.swift */,
				008CA9F1282CB47600F2E826 /* HorizontalCollectionView.swift */,
				008CA9F6282CF7CD00F2E826 /* HomeYourRecommandHeader.swift */,
				0095729E282A05D20018DC61 /* HomeYourRecommandViewCell.swift */,
				0034431A282E06590087795B /* HomeEventsViewCell.swift */,
				00344328282EA2ED0087795B /* HomeThisTimeRecommandHeader.swift */,
				0034432A282EA3000087795B /* HomeThisTimeRecommandViewCell.swift */,
			);
			path = home;
			sourceTree = "<group>";
		};
		00344321282E6A860087795B /* model */ = {
			isa = PBXGroup;
			children = (
				006D2BD52831F2BE0077CF88 /* home */,
				00344322282E6EFA0087795B /* Events.swift */,
				0093A48F283338AB0064E071 /* ImageItem.swift */,
			);
			path = model;
			sourceTree = "<group>";
		};
		006D2BCE2831ECBE0077CF88 /* util */ = {
			isa = PBXGroup;
			children = (
				006D2BCF2831ECD20077CF88 /* HTTPManager.swift */,
				006D2BD12831ECEC0077CF88 /* HTTPMethod.swift */,
				006D2BD32831F0690077CF88 /* JSONConverter.swift */,
				006D2BD62831F3540077CF88 /* NetworkManager.swift */,
				006D2BDC283243470077CF88 /* ImageCacheManager.swift */,
			);
			path = util;
			sourceTree = "<group>";
		};
		006D2BD52831F2BE0077CF88 /* home */ = {
			isa = PBXGroup;
			children = (
				006D2BD82831F8D90077CF88 /* HomeData.swift */,
			);
			path = home;
			sourceTree = "<group>";
		};
		008CA9DB282B873500F2E826 /* extension */ = {
			isa = PBXGroup;
			children = (
				008CA9DC282B875100F2E826 /* UIColorExtension.swift */,
				008CA9DE282B8A5C00F2E826 /* UIFontExtension.swift */,
			);
			path = extension;
			sourceTree = "<group>";
		};
		008CA9E0282B8B4700F2E826 /* font */ = {
			isa = PBXGroup;
			children = (
				008CA9E3282B8DAE00F2E826 /* Santana-Black.ttf */,
			);
			path = font;
			sourceTree = "<group>";
		};
		008CA9F5282CE05A00F2E826 /* home */ = {
			isa = PBXGroup;
			children = (
				00B99EE62829562D00A4B2B6 /* HomeViewController.swift */,
				0034431C282E0B890087795B /* HomeYourRecommandViewController.swift */,
				00344324282E6F7B0087795B /* HomeEventsViewController.swift */,
				00344326282EA29A0087795B /* HomeThisTimeRecommandViewController.swift */,
			);
			path = home;
			sourceTree = "<group>";
		};
		0095729B282A05240018DC61 /* view */ = {
			isa = PBXGroup;
			children = (
				00344320282E69170087795B /* home */,
			);
			path = view;
			sourceTree = "<group>";
		};
		009572A6282A0C150018DC61 /* viewController */ = {
			isa = PBXGroup;
			children = (
				00B99ED628290A0500A4B2B6 /* MainTabBarViewController.swift */,
				008CA9F5282CE05A00F2E826 /* home */,
				00B99EE82829563700A4B2B6 /* OrderViewController.swift */,
				00B99EEA2829563E00A4B2B6 /* FavoriteViewController.swift */,
			);
			path = viewController;
			sourceTree = "<group>";
		};
		00B99EC628290A0500A4B2B6 = {
			isa = PBXGroup;
			children = (
				00B99ED128290A0500A4B2B6 /* starbuckst */,
				00B99ED028290A0500A4B2B6 /* Products */,
			);
			sourceTree = "<group>";
		};
		00B99ED028290A0500A4B2B6 /* Products */ = {
			isa = PBXGroup;
			children = (
				00B99ECF28290A0500A4B2B6 /* starbuckst.app */,
			);
			name = Products;
			sourceTree = "<group>";
		};
		00B99ED128290A0500A4B2B6 /* starbuckst */ = {
			isa = PBXGroup;
			children = (
				00B99ED228290A0500A4B2B6 /* AppDelegate.swift */,
				00B99ED428290A0500A4B2B6 /* SceneDelegate.swift */,
				0095729B282A05240018DC61 /* view */,
				009572A6282A0C150018DC61 /* viewController */,
				00344321282E6A860087795B /* model */,
				006D2BCE2831ECBE0077CF88 /* util */,
				008CA9DB282B873500F2E826 /* extension */,
				008CA9E0282B8B4700F2E826 /* font */,
				00B99ED828290A0500A4B2B6 /* Main.storyboard */,
				00B99EDB28290A0700A4B2B6 /* Assets.xcassets */,
				00B99EDD28290A0700A4B2B6 /* LaunchScreen.storyboard */,
				00B99EE028290A0700A4B2B6 /* Info.plist */,
				0034431E282E0F530087795B /* Amodel.swift */,
			);
			path = starbuckst;
			sourceTree = "<group>";
		};
/* End PBXGroup section */

/* Begin PBXNativeTarget section */
		00B99ECE28290A0500A4B2B6 /* starbuckst */ = {
			isa = PBXNativeTarget;
			buildConfigurationList = 00B99EE328290A0700A4B2B6 /* Build configuration list for PBXNativeTarget "starbuckst" */;
			buildPhases = (
				00B99ECB28290A0500A4B2B6 /* Sources */,
				00B99ECC28290A0500A4B2B6 /* Frameworks */,
				00B99ECD28290A0500A4B2B6 /* Resources */,
			);
			buildRules = (
			);
			dependencies = (
			);
			name = starbuckst;
			productName = starbuckst;
			productReference = 00B99ECF28290A0500A4B2B6 /* starbuckst.app */;
			productType = "com.apple.product-type.application";
		};
/* End PBXNativeTarget section */

/* Begin PBXProject section */
		00B99EC728290A0500A4B2B6 /* Project object */ = {
			isa = PBXProject;
			attributes = {
				BuildIndependentTargetsInParallel = 1;
				LastSwiftUpdateCheck = 1330;
				LastUpgradeCheck = 1330;
				TargetAttributes = {
					00B99ECE28290A0500A4B2B6 = {
						CreatedOnToolsVersion = 13.3.1;
					};
				};
			};
			buildConfigurationList = 00B99ECA28290A0500A4B2B6 /* Build configuration list for PBXProject "starbuckst" */;
			compatibilityVersion = "Xcode 13.0";
			developmentRegion = en;
			hasScannedForEncodings = 0;
			knownRegions = (
				en,
				Base,
			);
			mainGroup = 00B99EC628290A0500A4B2B6;
			productRefGroup = 00B99ED028290A0500A4B2B6 /* Products */;
			projectDirPath = "";
			projectRoot = "";
			targets = (
				00B99ECE28290A0500A4B2B6 /* starbuckst */,
			);
		};
/* End PBXProject section */

/* Begin PBXResourcesBuildPhase section */
		00B99ECD28290A0500A4B2B6 /* Resources */ = {
			isa = PBXResourcesBuildPhase;
			buildActionMask = 2147483647;
			files = (
				00B99EDF28290A0700A4B2B6 /* LaunchScreen.storyboard in Resources */,
				008CA9E4282B8E3700F2E826 /* Santana-Black.ttf in Resources */,
				00B99EDC28290A0700A4B2B6 /* Assets.xcassets in Resources */,
				00B99EDA28290A0500A4B2B6 /* Main.storyboard in Resources */,
			);
			runOnlyForDeploymentPostprocessing = 0;
		};
/* End PBXResourcesBuildPhase section */

/* Begin PBXSourcesBuildPhase section */
		00B99ECB28290A0500A4B2B6 /* Sources */ = {
			isa = PBXSourcesBuildPhase;
			buildActionMask = 2147483647;
			files = (
				0093A490283338AB0064E071 /* ImageItem.swift in Sources */,
				0034431B282E06590087795B /* HomeEventsViewCell.swift in Sources */,
				00B99ED728290A0500A4B2B6 /* MainTabBarViewController.swift in Sources */,
				008CA9F7282CF7CD00F2E826 /* HomeYourRecommandHeader.swift in Sources */,
				0034432B282EA3000087795B /* HomeThisTimeRecommandViewCell.swift in Sources */,
				006D2BD92831F8D90077CF88 /* HomeData.swift in Sources */,
				00B99EE92829563700A4B2B6 /* OrderViewController.swift in Sources */,
				009572A5282A08200018DC61 /* HomeHeaderButton.swift in Sources */,
				0095729F282A05D20018DC61 /* HomeYourRecommandViewCell.swift in Sources */,
				006D2BD02831ECD20077CF88 /* HTTPManager.swift in Sources */,
				00B99ED328290A0500A4B2B6 /* AppDelegate.swift in Sources */,
				008CA9F2282CB47600F2E826 /* HorizontalCollectionView.swift in Sources */,
				0034431D282E0B890087795B /* HomeYourRecommandViewController.swift in Sources */,
				0034431F282E0F530087795B /* Amodel.swift in Sources */,
				006D2BD72831F3540077CF88 /* NetworkManager.swift in Sources */,
				006D2BDD283243470077CF88 /* ImageCacheManager.swift in Sources */,
				00344325282E6F7B0087795B /* HomeEventsViewController.swift in Sources */,
				006D2BD42831F0690077CF88 /* JSONConverter.swift in Sources */,
				00344327282EA29A0087795B /* HomeThisTimeRecommandViewController.swift in Sources */,
				006D2BD22831ECEC0077CF88 /* HTTPMethod.swift in Sources */,
				00B99ED528290A0500A4B2B6 /* SceneDelegate.swift in Sources */,
				00B99EEB2829563E00A4B2B6 /* FavoriteViewController.swift in Sources */,
				008CA9DD282B875100F2E826 /* UIColorExtension.swift in Sources */,
				00344323282E6EFA0087795B /* Events.swift in Sources */,
				00B99EE72829562D00A4B2B6 /* HomeViewController.swift in Sources */,
				00344329282EA2ED0087795B /* HomeThisTimeRecommandHeader.swift in Sources */,
				008CA9DF282B8A5C00F2E826 /* UIFontExtension.swift in Sources */,
			);
			runOnlyForDeploymentPostprocessing = 0;
		};
/* End PBXSourcesBuildPhase section */

/* Begin PBXVariantGroup section */
		00B99ED828290A0500A4B2B6 /* Main.storyboard */ = {
			isa = PBXVariantGroup;
			children = (
				00B99ED928290A0500A4B2B6 /* Base */,
			);
			name = Main.storyboard;
			sourceTree = "<group>";
		};
		00B99EDD28290A0700A4B2B6 /* LaunchScreen.storyboard */ = {
			isa = PBXVariantGroup;
			children = (
				00B99EDE28290A0700A4B2B6 /* Base */,
			);
			name = LaunchScreen.storyboard;
			sourceTree = "<group>";
		};
/* End PBXVariantGroup section */

/* Begin XCBuildConfiguration section */
		00B99EE128290A0700A4B2B6 /* Debug */ = {
			isa = XCBuildConfiguration;
			buildSettings = {
				ALWAYS_SEARCH_USER_PATHS = NO;
				CLANG_ANALYZER_NONNULL = YES;
				CLANG_ANALYZER_NUMBER_OBJECT_CONVERSION = YES_AGGRESSIVE;
				CLANG_CXX_LANGUAGE_STANDARD = "gnu++17";
				CLANG_ENABLE_MODULES = YES;
				CLANG_ENABLE_OBJC_ARC = YES;
				CLANG_ENABLE_OBJC_WEAK = YES;
				CLANG_WARN_BLOCK_CAPTURE_AUTORELEASING = YES;
				CLANG_WARN_BOOL_CONVERSION = YES;
				CLANG_WARN_COMMA = YES;
				CLANG_WARN_CONSTANT_CONVERSION = YES;
				CLANG_WARN_DEPRECATED_OBJC_IMPLEMENTATIONS = YES;
				CLANG_WARN_DIRECT_OBJC_ISA_USAGE = YES_ERROR;
				CLANG_WARN_DOCUMENTATION_COMMENTS = YES;
				CLANG_WARN_EMPTY_BODY = YES;
				CLANG_WARN_ENUM_CONVERSION = YES;
				CLANG_WARN_INFINITE_RECURSION = YES;
				CLANG_WARN_INT_CONVERSION = YES;
				CLANG_WARN_NON_LITERAL_NULL_CONVERSION = YES;
				CLANG_WARN_OBJC_IMPLICIT_RETAIN_SELF = YES;
				CLANG_WARN_OBJC_LITERAL_CONVERSION = YES;
				CLANG_WARN_OBJC_ROOT_CLASS = YES_ERROR;
				CLANG_WARN_QUOTED_INCLUDE_IN_FRAMEWORK_HEADER = YES;
				CLANG_WARN_RANGE_LOOP_ANALYSIS = YES;
				CLANG_WARN_STRICT_PROTOTYPES = YES;
				CLANG_WARN_SUSPICIOUS_MOVE = YES;
				CLANG_WARN_UNGUARDED_AVAILABILITY = YES_AGGRESSIVE;
				CLANG_WARN_UNREACHABLE_CODE = YES;
				CLANG_WARN__DUPLICATE_METHOD_MATCH = YES;
				COPY_PHASE_STRIP = NO;
				DEBUG_INFORMATION_FORMAT = dwarf;
				ENABLE_STRICT_OBJC_MSGSEND = YES;
				ENABLE_TESTABILITY = YES;
				GCC_C_LANGUAGE_STANDARD = gnu11;
				GCC_DYNAMIC_NO_PIC = NO;
				GCC_NO_COMMON_BLOCKS = YES;
				GCC_OPTIMIZATION_LEVEL = 0;
				GCC_PREPROCESSOR_DEFINITIONS = (
					"DEBUG=1",
					"$(inherited)",
				);
				GCC_WARN_64_TO_32_BIT_CONVERSION = YES;
				GCC_WARN_ABOUT_RETURN_TYPE = YES_ERROR;
				GCC_WARN_UNDECLARED_SELECTOR = YES;
				GCC_WARN_UNINITIALIZED_AUTOS = YES_AGGRESSIVE;
				GCC_WARN_UNUSED_FUNCTION = YES;
				GCC_WARN_UNUSED_VARIABLE = YES;
				IPHONEOS_DEPLOYMENT_TARGET = 15.4;
				MTL_ENABLE_DEBUG_INFO = INCLUDE_SOURCE;
				MTL_FAST_MATH = YES;
				ONLY_ACTIVE_ARCH = YES;
				SDKROOT = iphoneos;
				SWIFT_ACTIVE_COMPILATION_CONDITIONS = DEBUG;
				SWIFT_OPTIMIZATION_LEVEL = "-Onone";
			};
			name = Debug;
		};
		00B99EE228290A0700A4B2B6 /* Release */ = {
			isa = XCBuildConfiguration;
			buildSettings = {
				ALWAYS_SEARCH_USER_PATHS = NO;
				CLANG_ANALYZER_NONNULL = YES;
				CLANG_ANALYZER_NUMBER_OBJECT_CONVERSION = YES_AGGRESSIVE;
				CLANG_CXX_LANGUAGE_STANDARD = "gnu++17";
				CLANG_ENABLE_MODULES = YES;
				CLANG_ENABLE_OBJC_ARC = YES;
				CLANG_ENABLE_OBJC_WEAK = YES;
				CLANG_WARN_BLOCK_CAPTURE_AUTORELEASING = YES;
				CLANG_WARN_BOOL_CONVERSION = YES;
				CLANG_WARN_COMMA = YES;
				CLANG_WARN_CONSTANT_CONVERSION = YES;
				CLANG_WARN_DEPRECATED_OBJC_IMPLEMENTATIONS = YES;
				CLANG_WARN_DIRECT_OBJC_ISA_USAGE = YES_ERROR;
				CLANG_WARN_DOCUMENTATION_COMMENTS = YES;
				CLANG_WARN_EMPTY_BODY = YES;
				CLANG_WARN_ENUM_CONVERSION = YES;
				CLANG_WARN_INFINITE_RECURSION = YES;
				CLANG_WARN_INT_CONVERSION = YES;
				CLANG_WARN_NON_LITERAL_NULL_CONVERSION = YES;
				CLANG_WARN_OBJC_IMPLICIT_RETAIN_SELF = YES;
				CLANG_WARN_OBJC_LITERAL_CONVERSION = YES;
				CLANG_WARN_OBJC_ROOT_CLASS = YES_ERROR;
				CLANG_WARN_QUOTED_INCLUDE_IN_FRAMEWORK_HEADER = YES;
				CLANG_WARN_RANGE_LOOP_ANALYSIS = YES;
				CLANG_WARN_STRICT_PROTOTYPES = YES;
				CLANG_WARN_SUSPICIOUS_MOVE = YES;
				CLANG_WARN_UNGUARDED_AVAILABILITY = YES_AGGRESSIVE;
				CLANG_WARN_UNREACHABLE_CODE = YES;
				CLANG_WARN__DUPLICATE_METHOD_MATCH = YES;
				COPY_PHASE_STRIP = NO;
				DEBUG_INFORMATION_FORMAT = "dwarf-with-dsym";
				ENABLE_NS_ASSERTIONS = NO;
				ENABLE_STRICT_OBJC_MSGSEND = YES;
				GCC_C_LANGUAGE_STANDARD = gnu11;
				GCC_NO_COMMON_BLOCKS = YES;
				GCC_WARN_64_TO_32_BIT_CONVERSION = YES;
				GCC_WARN_ABOUT_RETURN_TYPE = YES_ERROR;
				GCC_WARN_UNDECLARED_SELECTOR = YES;
				GCC_WARN_UNINITIALIZED_AUTOS = YES_AGGRESSIVE;
				GCC_WARN_UNUSED_FUNCTION = YES;
				GCC_WARN_UNUSED_VARIABLE = YES;
				IPHONEOS_DEPLOYMENT_TARGET = 15.4;
				MTL_ENABLE_DEBUG_INFO = NO;
				MTL_FAST_MATH = YES;
				SDKROOT = iphoneos;
				SWIFT_COMPILATION_MODE = wholemodule;
				SWIFT_OPTIMIZATION_LEVEL = "-O";
				VALIDATE_PRODUCT = YES;
			};
			name = Release;
		};
		00B99EE428290A0700A4B2B6 /* Debug */ = {
			isa = XCBuildConfiguration;
			buildSettings = {
				ASSETCATALOG_COMPILER_APPICON_NAME = AppIcon;
				ASSETCATALOG_COMPILER_GLOBAL_ACCENT_COLOR_NAME = AccentColor;
				CODE_SIGN_STYLE = Automatic;
				CURRENT_PROJECT_VERSION = 1;
				DEVELOPMENT_TEAM = B3PWYBKFUK;
				GENERATE_INFOPLIST_FILE = YES;
				INFOPLIST_FILE = starbuckst/Info.plist;
				INFOPLIST_KEY_UIApplicationSupportsIndirectInputEvents = YES;
				INFOPLIST_KEY_UILaunchStoryboardName = LaunchScreen;
				INFOPLIST_KEY_UIMainStoryboardFile = Main;
				INFOPLIST_KEY_UISupportedInterfaceOrientations_iPad = "UIInterfaceOrientationPortrait UIInterfaceOrientationPortraitUpsideDown UIInterfaceOrientationLandscapeLeft UIInterfaceOrientationLandscapeRight";
				INFOPLIST_KEY_UISupportedInterfaceOrientations_iPhone = "UIInterfaceOrientationPortrait UIInterfaceOrientationLandscapeLeft UIInterfaceOrientationLandscapeRight";
				LD_RUNPATH_SEARCH_PATHS = (
					"$(inherited)",
					"@executable_path/Frameworks",
				);
				MARKETING_VERSION = 1.0;
				PRODUCT_BUNDLE_IDENTIFIER = com.starbuckst.bibi.starbuckst;
				PRODUCT_NAME = "$(TARGET_NAME)";
				SWIFT_EMIT_LOC_STRINGS = YES;
				SWIFT_VERSION = 5.0;
				TARGETED_DEVICE_FAMILY = "1,2";
			};
			name = Debug;
		};
		00B99EE528290A0700A4B2B6 /* Release */ = {
			isa = XCBuildConfiguration;
			buildSettings = {
				ASSETCATALOG_COMPILER_APPICON_NAME = AppIcon;
				ASSETCATALOG_COMPILER_GLOBAL_ACCENT_COLOR_NAME = AccentColor;
				CODE_SIGN_STYLE = Automatic;
				CURRENT_PROJECT_VERSION = 1;
				DEVELOPMENT_TEAM = B3PWYBKFUK;
				GENERATE_INFOPLIST_FILE = YES;
				INFOPLIST_FILE = starbuckst/Info.plist;
				INFOPLIST_KEY_UIApplicationSupportsIndirectInputEvents = YES;
				INFOPLIST_KEY_UILaunchStoryboardName = LaunchScreen;
				INFOPLIST_KEY_UIMainStoryboardFile = Main;
				INFOPLIST_KEY_UISupportedInterfaceOrientations_iPad = "UIInterfaceOrientationPortrait UIInterfaceOrientationPortraitUpsideDown UIInterfaceOrientationLandscapeLeft UIInterfaceOrientationLandscapeRight";
				INFOPLIST_KEY_UISupportedInterfaceOrientations_iPhone = "UIInterfaceOrientationPortrait UIInterfaceOrientationLandscapeLeft UIInterfaceOrientationLandscapeRight";
				LD_RUNPATH_SEARCH_PATHS = (
					"$(inherited)",
					"@executable_path/Frameworks",
				);
				MARKETING_VERSION = 1.0;
				PRODUCT_BUNDLE_IDENTIFIER = com.starbuckst.bibi.starbuckst;
				PRODUCT_NAME = "$(TARGET_NAME)";
				SWIFT_EMIT_LOC_STRINGS = YES;
				SWIFT_VERSION = 5.0;
				TARGETED_DEVICE_FAMILY = "1,2";
			};
			name = Release;
		};
/* End XCBuildConfiguration section */

/* Begin XCConfigurationList section */
		00B99ECA28290A0500A4B2B6 /* Build configuration list for PBXProject "starbuckst" */ = {
			isa = XCConfigurationList;
			buildConfigurations = (
				00B99EE128290A0700A4B2B6 /* Debug */,
				00B99EE228290A0700A4B2B6 /* Release */,
			);
			defaultConfigurationIsVisible = 0;
			defaultConfigurationName = Release;
		};
		00B99EE328290A0700A4B2B6 /* Build configuration list for PBXNativeTarget "starbuckst" */ = {
			isa = XCConfigurationList;
			buildConfigurations = (
				00B99EE428290A0700A4B2B6 /* Debug */,
				00B99EE528290A0700A4B2B6 /* Release */,
			);
			defaultConfigurationIsVisible = 0;
			defaultConfigurationName = Release;
		};
/* End XCConfigurationList section */
	};
	rootObject = 00B99EC728290A0500A4B2B6 /* Project object */;
}
